
Microsoft Visual Studio Solution File, Format Version 12.00
# Visual Studio 15
VisualStudioVersion = 15.0.27703.2000
MinimumVisualStudioVersion = 10.0.40219.1
Project("{FAE04EC0-301F-11D3-BF4B-00C04F79EFBC}") = "Learnings.Azure.Publisher", "Learnings.Azure.Publisher\Learnings.Azure.Publisher.csproj", "{532171EF-1FC5-42FB-A67F-2CD5CB9734E6}"
EndProject
Project("{FAE04EC0-301F-11D3-BF4B-00C04F79EFBC}") = "Learnings.Azure.Common", "Learnings.Azure.Common\Learnings.Azure.Common.csproj", "{CC8D6FF2-45B0-48B5-AEEE-473D903EE011}"
EndProject
Project("{FAE04EC0-301F-11D3-BF4B-00C04F79EFBC}") = "Learnings.Azure.Subscriber", "Learnings.Azure.Subscriber\Learnings.Azure.Subscriber.csproj", "{9678458B-B9B5-4EAE-BD29-5F624853B62D}"
EndProject
Project("{9A19103F-16F7-4668-BE54-9A1E7A4F7556}") = "Learnings.Azure.FunctionApp", "Learnings.Azure.FunctionApp\Learnings.Azure.FunctionApp.csproj", "{9B36F4CB-22DC-4B4F-BB3F-57DA4FA03838}"
EndProject
Project("{FAE04EC0-301F-11D3-BF4B-00C04F79EFBC}") = "Learnings.ProvisionServiceBus", "Learnings.ProvisionServiceBus\Learnings.ProvisionServiceBus.csproj", "{1F5C8C8C-21E9-4B62-9294-58C348F1B5F0}"
EndProject
Project("{FAE04EC0-301F-11D3-BF4B-00C04F79EFBC}") = "Learnings.Azure.WebJob", "Learnings.Azure.WebJob\Learnings.Azure.WebJob.csproj", "{D6E4A4AC-76C2-428C-BCB8-48A4E19B5925}"
EndProject
Global
	GlobalSection(SolutionConfigurationPlatforms) = preSolution
		Debug|Any CPU = Debug|Any CPU
		Release|Any CPU = Release|Any CPU
	EndGlobalSection
	GlobalSection(ProjectConfigurationPlatforms) = postSolution
		{532171EF-1FC5-42FB-A67F-2CD5CB9734E6}.Debug|Any CPU.ActiveCfg = Debug|Any CPU
		{532171EF-1FC5-42FB-A67F-2CD5CB9734E6}.Debug|Any CPU.Build.0 = Debug|Any CPU
		{532171EF-1FC5-42FB-A67F-2CD5CB9734E6}.Release|Any CPU.ActiveCfg = Release|Any CPU
		{532171EF-1FC5-42FB-A67F-2CD5CB9734E6}.Release|Any CPU.Build.0 = Release|Any CPU
		{CC8D6FF2-45B0-48B5-AEEE-473D903EE011}.Debug|Any CPU.ActiveCfg = Debug|Any CPU
		{CC8D6FF2-45B0-48B5-AEEE-473D903EE011}.Debug|Any CPU.Build.0 = Debug|Any CPU
		{CC8D6FF2-45B0-48B5-AEEE-473D903EE011}.Release|Any CPU.ActiveCfg = Release|Any CPU
		{CC8D6FF2-45B0-48B5-AEEE-473D903EE011}.Release|Any CPU.Build.0 = Release|Any CPU
		{9678458B-B9B5-4EAE-BD29-5F624853B62D}.Debug|Any CPU.ActiveCfg = Debug|Any CPU
		{9678458B-B9B5-4EAE-BD29-5F624853B62D}.Debug|Any CPU.Build.0 = Debug|Any CPU
		{9678458B-B9B5-4EAE-BD29-5F624853B62D}.Release|Any CPU.ActiveCfg = Release|Any CPU
		{9678458B-B9B5-4EAE-BD29-5F624853B62D}.Release|Any CPU.Build.0 = Release|Any CPU
		{9B36F4CB-22DC-4B4F-BB3F-57DA4FA03838}.Debug|Any CPU.ActiveCfg = Debug|Any CPU
		{9B36F4CB-22DC-4B4F-BB3F-57DA4FA03838}.Debug|Any CPU.Build.0 = Debug|Any CPU
		{9B36F4CB-22DC-4B4F-BB3F-57DA4FA03838}.Release|Any CPU.ActiveCfg = Release|Any CPU
		{9B36F4CB-22DC-4B4F-BB3F-57DA4FA03838}.Release|Any CPU.Build.0 = Release|Any CPU
		{1F5C8C8C-21E9-4B62-9294-58C348F1B5F0}.Debug|Any CPU.ActiveCfg = Debug|Any CPU
		{1F5C8C8C-21E9-4B62-9294-58C348F1B5F0}.Debug|Any CPU.Build.0 = Debug|Any CPU
		{1F5C8C8C-21E9-4B62-9294-58C348F1B5F0}.Release|Any CPU.ActiveCfg = Release|Any CPU
		{1F5C8C8C-21E9-4B62-9294-58C348F1B5F0}.Release|Any CPU.Build.0 = Release|Any CPU
		{D6E4A4AC-76C2-428C-BCB8-48A4E19B5925}.Debug|Any CPU.ActiveCfg = Debug|Any CPU
		{D6E4A4AC-76C2-428C-BCB8-48A4E19B5925}.Debug|Any CPU.Build.0 = Debug|Any CPU
		{D6E4A4AC-76C2-428C-BCB8-48A4E19B5925}.Release|Any CPU.ActiveCfg = Release|Any CPU
		{D6E4A4AC-76C2-428C-BCB8-48A4E19B5925}.Release|Any CPU.Build.0 = Release|Any CPU
	EndGlobalSection
	GlobalSection(SolutionProperties) = preSolution
		HideSolutionNode = FALSE
	EndGlobalSection
	GlobalSection(ExtensibilityGlobals) = postSolution
		SolutionGuid = {650DA765-D3D6-4E88-8507-A504A1988397}
	EndGlobalSection
EndGlobal
